# This file is autogenerated, do not edit; changes may be undone by the next 'dep ensure'.


[[projects]]
  branch = "master"
  name = "github.com/shamoto-donuts/go"
  packages = ["codec"]
  revision = "8c9a8a68d7aa44e2262e93a6c187bfd3f3f9d6a9"

[solve-meta]
  analyzer-name = "dep"
  analyzer-version = 1
  inputs-digest = "0941bc1502135c8f0d0bcec4c6bc78c5093799d77e7ed033bf93f0731e950270"
  solver-name = "gps-cdcl"
  solver-version = 1
